
Microsoft Visual Studio Solution File, Format Version 12.00
# Visual Studio Version 17
VisualStudioVersion = 17.5.33414.496
MinimumVisualStudioVersion = 10.0.40219.1
Project("{9A19103F-16F7-4668-BE54-9A1E7A4F7556}") = "OnlabWebAPI", "OnlabWebAPI\OnlabWebAPI.csproj", "{9EC00043-B26C-49E3-87DE-DD3B634CAAA8}"
EndProject
Project("{FAE04EC0-301F-11D3-BF4B-00C04F79EFBC}") = "DataAccess", "DataAccess\DataAccess.csproj", "{88694AB3-26B8-43B7-BEBC-0BF13C9C567B}"
EndProject
Project("{FAE04EC0-301F-11D3-BF4B-00C04F79EFBC}") = "Domain", "Domain\Domain.csproj", "{C7238CAA-737F-4EB1-B3A3-F8D8146D91E4}"
EndProject
Global
	GlobalSection(SolutionConfigurationPlatforms) = preSolution
		Debug|Any CPU = Debug|Any CPU
		Release|Any CPU = Release|Any CPU
	EndGlobalSection
	GlobalSection(ProjectConfigurationPlatforms) = postSolution
		{9EC00043-B26C-49E3-87DE-DD3B634CAAA8}.Debug|Any CPU.ActiveCfg = Debug|Any CPU
		{9EC00043-B26C-49E3-87DE-DD3B634CAAA8}.Debug|Any CPU.Build.0 = Debug|Any CPU
		{9EC00043-B26C-49E3-87DE-DD3B634CAAA8}.Release|Any CPU.ActiveCfg = Release|Any CPU
		{9EC00043-B26C-49E3-87DE-DD3B634CAAA8}.Release|Any CPU.Build.0 = Release|Any CPU
		{88694AB3-26B8-43B7-BEBC-0BF13C9C567B}.Debug|Any CPU.ActiveCfg = Debug|Any CPU
		{88694AB3-26B8-43B7-BEBC-0BF13C9C567B}.Debug|Any CPU.Build.0 = Debug|Any CPU
		{88694AB3-26B8-43B7-BEBC-0BF13C9C567B}.Release|Any CPU.ActiveCfg = Release|Any CPU
		{88694AB3-26B8-43B7-BEBC-0BF13C9C567B}.Release|Any CPU.Build.0 = Release|Any CPU
		{C7238CAA-737F-4EB1-B3A3-F8D8146D91E4}.Debug|Any CPU.ActiveCfg = Debug|Any CPU
		{C7238CAA-737F-4EB1-B3A3-F8D8146D91E4}.Debug|Any CPU.Build.0 = Debug|Any CPU
		{C7238CAA-737F-4EB1-B3A3-F8D8146D91E4}.Release|Any CPU.ActiveCfg = Release|Any CPU
		{C7238CAA-737F-4EB1-B3A3-F8D8146D91E4}.Release|Any CPU.Build.0 = Release|Any CPU
	EndGlobalSection
	GlobalSection(SolutionProperties) = preSolution
		HideSolutionNode = FALSE
	EndGlobalSection
	GlobalSection(ExtensibilityGlobals) = postSolution
		SolutionGuid = {3406E389-AD85-4461-805A-403D2138642C}
	EndGlobalSection
EndGlobal
